// !$*UTF8*$!
{
	archiveVersion = 1;
	classes = {
	};
	objectVersion = 60;
	objects = {

/* Begin PBXBuildFile section */
		5AF4C9B82C2EAE320021B93F /* Swift6BindingIsolatedCrashApp.swift in Sources */ = {isa = PBXBuildFile; fileRef = 5AF4C9B72C2EAE320021B93F /* Swift6BindingIsolatedCrashApp.swift */; };
		5AF4C9BA2C2EAE320021B93F /* ContentView.swift in Sources */ = {isa = PBXBuildFile; fileRef = 5AF4C9B92C2EAE320021B93F /* ContentView.swift */; };
		5AF4C9BC2C2EAE340021B93F /* Assets.xcassets in Resources */ = {isa = PBXBuildFile; fileRef = 5AF4C9BB2C2EAE340021B93F /* Assets.xcassets */; };
		5AF4C9C02C2EAE340021B93F /* Preview Assets.xcassets in Resources */ = {isa = PBXBuildFile; fileRef = 5AF4C9BF2C2EAE340021B93F /* Preview Assets.xcassets */; };
		5AF4C9CA2C2EAE340021B93F /* Swift6BindingIsolatedCrashTests.swift in Sources */ = {isa = PBXBuildFile; fileRef = 5AF4C9C92C2EAE340021B93F /* Swift6BindingIsolatedCrashTests.swift */; };
		5AF4C9D42C2EAE340021B93F /* Swift6BindingIsolatedCrashUITests.swift in Sources */ = {isa = PBXBuildFile; fileRef = 5AF4C9D32C2EAE340021B93F /* Swift6BindingIsolatedCrashUITests.swift */; };
		5AF4C9D62C2EAE340021B93F /* Swift6BindingIsolatedCrashUITestsLaunchTests.swift in Sources */ = {isa = PBXBuildFile; fileRef = 5AF4C9D52C2EAE340021B93F /* Swift6BindingIsolatedCrashUITestsLaunchTests.swift */; };
		5AF4C9E32C2EB1D70021B93F /* README.md in Resources */ = {isa = PBXBuildFile; fileRef = 5AF4C9E22C2EB1D10021B93F /* README.md */; };
/* End PBXBuildFile section */

/* Begin PBXContainerItemProxy section */
		5AF4C9C62C2EAE340021B93F /* PBXContainerItemProxy */ = {
			isa = PBXContainerItemProxy;
			containerPortal = 5AF4C9AC2C2EAE320021B93F /* Project object */;
			proxyType = 1;
			remoteGlobalIDString = 5AF4C9B32C2EAE320021B93F;
			remoteInfo = Swift6BindingIsolatedCrash;
		};
		5AF4C9D02C2EAE340021B93F /* PBXContainerItemProxy */ = {
			isa = PBXContainerItemProxy;
			containerPortal = 5AF4C9AC2C2EAE320021B93F /* Project object */;
			proxyType = 1;
			remoteGlobalIDString = 5AF4C9B32C2EAE320021B93F;
			remoteInfo = Swift6BindingIsolatedCrash;
		};
/* End PBXContainerItemProxy section */

/* Begin PBXFileReference section */
		5AF4C9B42C2EAE320021B93F /* Swift6BindingIsolatedCrash.app */ = {isa = PBXFileReference; explicitFileType = wrapper.application; includeInIndex = 0; path = Swift6BindingIsolatedCrash.app; sourceTree = BUILT_PRODUCTS_DIR; };
		5AF4C9B72C2EAE320021B93F /* Swift6BindingIsolatedCrashApp.swift */ = {isa = PBXFileReference; lastKnownFileType = sourcecode.swift; path = Swift6BindingIsolatedCrashApp.swift; sourceTree = "<group>"; };
		5AF4C9B92C2EAE320021B93F /* ContentView.swift */ = {isa = PBXFileReference; lastKnownFileType = sourcecode.swift; path = ContentView.swift; sourceTree = "<group>"; };
		5AF4C9BB2C2EAE340021B93F /* Assets.xcassets */ = {isa = PBXFileReference; lastKnownFileType = folder.assetcatalog; path = Assets.xcassets; sourceTree = "<group>"; };
		5AF4C9BD2C2EAE340021B93F /* Swift6BindingIsolatedCrash.entitlements */ = {isa = PBXFileReference; lastKnownFileType = text.plist.entitlements; path = Swift6BindingIsolatedCrash.entitlements; sourceTree = "<group>"; };
		5AF4C9BF2C2EAE340021B93F /* Preview Assets.xcassets */ = {isa = PBXFileReference; lastKnownFileType = folder.assetcatalog; path = "Preview Assets.xcassets"; sourceTree = "<group>"; };
		5AF4C9C52C2EAE340021B93F /* Swift6BindingIsolatedCrashTests.xctest */ = {isa = PBXFileReference; explicitFileType = wrapper.cfbundle; includeInIndex = 0; path = Swift6BindingIsolatedCrashTests.xctest; sourceTree = BUILT_PRODUCTS_DIR; };
		5AF4C9C92C2EAE340021B93F /* Swift6BindingIsolatedCrashTests.swift */ = {isa = PBXFileReference; lastKnownFileType = sourcecode.swift; path = Swift6BindingIsolatedCrashTests.swift; sourceTree = "<group>"; };
		5AF4C9CF2C2EAE340021B93F /* Swift6BindingIsolatedCrashUITests.xctest */ = {isa = PBXFileReference; explicitFileType = wrapper.cfbundle; includeInIndex = 0; path = Swift6BindingIsolatedCrashUITests.xctest; sourceTree = BUILT_PRODUCTS_DIR; };
		5AF4C9D32C2EAE340021B93F /* Swift6BindingIsolatedCrashUITests.swift */ = {isa = PBXFileReference; lastKnownFileType = sourcecode.swift; path = Swift6BindingIsolatedCrashUITests.swift; sourceTree = "<group>"; };
		5AF4C9D52C2EAE340021B93F /* Swift6BindingIsolatedCrashUITestsLaunchTests.swift */ = {isa = PBXFileReference; lastKnownFileType = sourcecode.swift; path = Swift6BindingIsolatedCrashUITestsLaunchTests.swift; sourceTree = "<group>"; };
		5AF4C9E22C2EB1D10021B93F /* README.md */ = {isa = PBXFileReference; lastKnownFileType = net.daringfireball.markdown; path = README.md; sourceTree = "<group>"; };
/* End PBXFileReference section */

/* Begin PBXFrameworksBuildPhase section */
		5AF4C9B12C2EAE320021B93F /* Frameworks */ = {
			isa = PBXFrameworksBuildPhase;
			buildActionMask = 2147483647;
			files = (
			);
			runOnlyForDeploymentPostprocessing = 0;
		};
		5AF4C9C22C2EAE340021B93F /* Frameworks */ = {
			isa = PBXFrameworksBuildPhase;
			buildActionMask = 2147483647;
			files = (
			);
			runOnlyForDeploymentPostprocessing = 0;
		};
		5AF4C9CC2C2EAE340021B93F /* Frameworks */ = {
			isa = PBXFrameworksBuildPhase;
			buildActionMask = 2147483647;
			files = (
			);
			runOnlyForDeploymentPostprocessing = 0;
		};
/* End PBXFrameworksBuildPhase section */

/* Begin PBXGroup section */
		5AF4C9AB2C2EAE320021B93F = {
			isa = PBXGroup;
			children = (
				5AF4C9B62C2EAE320021B93F /* Swift6BindingIsolatedCrash */,
				5AF4C9C82C2EAE340021B93F /* Swift6BindingIsolatedCrashTests */,
				5AF4C9D22C2EAE340021B93F /* Swift6BindingIsolatedCrashUITests */,
				5AF4C9B52C2EAE320021B93F /* Products */,
			);
			sourceTree = "<group>";
		};
		5AF4C9B52C2EAE320021B93F /* Products */ = {
			isa = PBXGroup;
			children = (
				5AF4C9B42C2EAE320021B93F /* Swift6BindingIsolatedCrash.app */,
				5AF4C9C52C2EAE340021B93F /* Swift6BindingIsolatedCrashTests.xctest */,
				5AF4C9CF2C2EAE340021B93F /* Swift6BindingIsolatedCrashUITests.xctest */,
			);
			name = Products;
			sourceTree = "<group>";
		};
		5AF4C9B62C2EAE320021B93F /* Swift6BindingIsolatedCrash */ = {
			isa = PBXGroup;
			children = (
				5AF4C9E22C2EB1D10021B93F /* README.md */,
				5AF4C9B72C2EAE320021B93F /* Swift6BindingIsolatedCrashApp.swift */,
				5AF4C9B92C2EAE320021B93F /* ContentView.swift */,
				5AF4C9BB2C2EAE340021B93F /* Assets.xcassets */,
				5AF4C9BD2C2EAE340021B93F /* Swift6BindingIsolatedCrash.entitlements */,
				5AF4C9BE2C2EAE340021B93F /* Preview Content */,
			);
			path = Swift6BindingIsolatedCrash;
			sourceTree = "<group>";
		};
		5AF4C9BE2C2EAE340021B93F /* Preview Content */ = {
			isa = PBXGroup;
			children = (
				5AF4C9BF2C2EAE340021B93F /* Preview Assets.xcassets */,
			);
			path = "Preview Content";
			sourceTree = "<group>";
		};
		5AF4C9C82C2EAE340021B93F /* Swift6BindingIsolatedCrashTests */ = {
			isa = PBXGroup;
			children = (
				5AF4C9C92C2EAE340021B93F /* Swift6BindingIsolatedCrashTests.swift */,
			);
			path = Swift6BindingIsolatedCrashTests;
			sourceTree = "<group>";
		};
		5AF4C9D22C2EAE340021B93F /* Swift6BindingIsolatedCrashUITests */ = {
			isa = PBXGroup;
			children = (
				5AF4C9D32C2EAE340021B93F /* Swift6BindingIsolatedCrashUITests.swift */,
				5AF4C9D52C2EAE340021B93F /* Swift6BindingIsolatedCrashUITestsLaunchTests.swift */,
			);
			path = Swift6BindingIsolatedCrashUITests;
			sourceTree = "<group>";
		};
/* End PBXGroup section */

/* Begin PBXNativeTarget section */
		5AF4C9B32C2EAE320021B93F /* Swift6BindingIsolatedCrash */ = {
			isa = PBXNativeTarget;
			buildConfigurationList = 5AF4C9D92C2EAE340021B93F /* Build configuration list for PBXNativeTarget "Swift6BindingIsolatedCrash" */;
			buildPhases = (
				5AF4C9B02C2EAE320021B93F /* Sources */,
				5AF4C9B12C2EAE320021B93F /* Frameworks */,
				5AF4C9B22C2EAE320021B93F /* Resources */,
			);
			buildRules = (
			);
			dependencies = (
			);
			name = Swift6BindingIsolatedCrash;
			productName = Swift6BindingIsolatedCrash;
			productReference = 5AF4C9B42C2EAE320021B93F /* Swift6BindingIsolatedCrash.app */;
			productType = "com.apple.product-type.application";
		};
		5AF4C9C42C2EAE340021B93F /* Swift6BindingIsolatedCrashTests */ = {
			isa = PBXNativeTarget;
			buildConfigurationList = 5AF4C9DC2C2EAE340021B93F /* Build configuration list for PBXNativeTarget "Swift6BindingIsolatedCrashTests" */;
			buildPhases = (
				5AF4C9C12C2EAE340021B93F /* Sources */,
				5AF4C9C22C2EAE340021B93F /* Frameworks */,
				5AF4C9C32C2EAE340021B93F /* Resources */,
			);
			buildRules = (
			);
			dependencies = (
				5AF4C9C72C2EAE340021B93F /* PBXTargetDependency */,
			);
			name = Swift6BindingIsolatedCrashTests;
			productName = Swift6BindingIsolatedCrashTests;
			productReference = 5AF4C9C52C2EAE340021B93F /* Swift6BindingIsolatedCrashTests.xctest */;
			productType = "com.apple.product-type.bundle.unit-test";
		};
		5AF4C9CE2C2EAE340021B93F /* Swift6BindingIsolatedCrashUITests */ = {
			isa = PBXNativeTarget;
			buildConfigurationList = 5AF4C9DF2C2EAE340021B93F /* Build configuration list for PBXNativeTarget "Swift6BindingIsolatedCrashUITests" */;
			buildPhases = (
				5AF4C9CB2C2EAE340021B93F /* Sources */,
				5AF4C9CC2C2EAE340021B93F /* Frameworks */,
				5AF4C9CD2C2EAE340021B93F /* Resources */,
			);
			buildRules = (
			);
			dependencies = (
				5AF4C9D12C2EAE340021B93F /* PBXTargetDependency */,
			);
			name = Swift6BindingIsolatedCrashUITests;
			productName = Swift6BindingIsolatedCrashUITests;
			productReference = 5AF4C9CF2C2EAE340021B93F /* Swift6BindingIsolatedCrashUITests.xctest */;
			productType = "com.apple.product-type.bundle.ui-testing";
		};
/* End PBXNativeTarget section */

/* Begin PBXProject section */
		5AF4C9AC2C2EAE320021B93F /* Project object */ = {
			isa = PBXProject;
			attributes = {
				BuildIndependentTargetsInParallel = 1;
				LastSwiftUpdateCheck = 1600;
				LastUpgradeCheck = 1600;
				TargetAttributes = {
					5AF4C9B32C2EAE320021B93F = {
						CreatedOnToolsVersion = 16.0;
					};
					5AF4C9C42C2EAE340021B93F = {
						CreatedOnToolsVersion = 16.0;
						TestTargetID = 5AF4C9B32C2EAE320021B93F;
					};
					5AF4C9CE2C2EAE340021B93F = {
						CreatedOnToolsVersion = 16.0;
						TestTargetID = 5AF4C9B32C2EAE320021B93F;
					};
				};
			};
			buildConfigurationList = 5AF4C9AF2C2EAE320021B93F /* Build configuration list for PBXProject "Swift6BindingIsolatedCrash" */;
			compatibilityVersion = "Xcode 15.0";
			developmentRegion = en;
			hasScannedForEncodings = 0;
			knownRegions = (
				en,
				Base,
			);
			mainGroup = 5AF4C9AB2C2EAE320021B93F;
			productRefGroup = 5AF4C9B52C2EAE320021B93F /* Products */;
			projectDirPath = "";
			projectRoot = "";
			targets = (
				5AF4C9B32C2EAE320021B93F /* Swift6BindingIsolatedCrash */,
				5AF4C9C42C2EAE340021B93F /* Swift6BindingIsolatedCrashTests */,
				5AF4C9CE2C2EAE340021B93F /* Swift6BindingIsolatedCrashUITests */,
			);
		};
/* End PBXProject section */

/* Begin PBXResourcesBuildPhase section */
		5AF4C9B22C2EAE320021B93F /* Resources */ = {
			isa = PBXResourcesBuildPhase;
			buildActionMask = 2147483647;
			files = (
				5AF4C9E32C2EB1D70021B93F /* README.md in Resources */,
				5AF4C9C02C2EAE340021B93F /* Preview Assets.xcassets in Resources */,
				5AF4C9BC2C2EAE340021B93F /* Assets.xcassets in Resources */,
			);
			runOnlyForDeploymentPostprocessing = 0;
		};
		5AF4C9C32C2EAE340021B93F /* Resources */ = {
			isa = PBXResourcesBuildPhase;
			buildActionMask = 2147483647;
			files = (
			);
			runOnlyForDeploymentPostprocessing = 0;
		};
		5AF4C9CD2C2EAE340021B93F /* Resources */ = {
			isa = PBXResourcesBuildPhase;
			buildActionMask = 2147483647;
			files = (
			);
			runOnlyForDeploymentPostprocessing = 0;
		};
/* End PBXResourcesBuildPhase section */

/* Begin PBXSourcesBuildPhase section */
		5AF4C9B02C2EAE320021B93F /* Sources */ = {
			isa = PBXSourcesBuildPhase;
			buildActionMask = 2147483647;
			files = (
				5AF4C9BA2C2EAE320021B93F /* ContentView.swift in Sources */,
				5AF4C9B82C2EAE320021B93F /* Swift6BindingIsolatedCrashApp.swift in Sources */,
			);
			runOnlyForDeploymentPostprocessing = 0;
		};
		5AF4C9C12C2EAE340021B93F /* Sources */ = {
			isa = PBXSourcesBuildPhase;
			buildActionMask = 2147483647;
			files = (
				5AF4C9CA2C2EAE340021B93F /* Swift6BindingIsolatedCrashTests.swift in Sources */,
			);
			runOnlyForDeploymentPostprocessing = 0;
		};
		5AF4C9CB2C2EAE340021B93F /* Sources */ = {
			isa = PBXSourcesBuildPhase;
			buildActionMask = 2147483647;
			files = (
				5AF4C9D62C2EAE340021B93F /* Swift6BindingIsolatedCrashUITestsLaunchTests.swift in Sources */,
				5AF4C9D42C2EAE340021B93F /* Swift6BindingIsolatedCrashUITests.swift in Sources */,
			);
			runOnlyForDeploymentPostprocessing = 0;
		};
/* End PBXSourcesBuildPhase section */

/* Begin PBXTargetDependency section */
		5AF4C9C72C2EAE340021B93F /* PBXTargetDependency */ = {
			isa = PBXTargetDependency;
			target = 5AF4C9B32C2EAE320021B93F /* Swift6BindingIsolatedCrash */;
			targetProxy = 5AF4C9C62C2EAE340021B93F /* PBXContainerItemProxy */;
		};
		5AF4C9D12C2EAE340021B93F /* PBXTargetDependency */ = {
			isa = PBXTargetDependency;
			target = 5AF4C9B32C2EAE320021B93F /* Swift6BindingIsolatedCrash */;
			targetProxy = 5AF4C9D02C2EAE340021B93F /* PBXContainerItemProxy */;
		};
/* End PBXTargetDependency section */

/* Begin XCBuildConfiguration section */
		5AF4C9D72C2EAE340021B93F /* Debug */ = {
			isa = XCBuildConfiguration;
			buildSettings = {
				ALWAYS_SEARCH_USER_PATHS = NO;
				ASSETCATALOG_COMPILER_GENERATE_SWIFT_ASSET_SYMBOL_EXTENSIONS = YES;
				CLANG_ANALYZER_NONNULL = YES;
				CLANG_ANALYZER_NUMBER_OBJECT_CONVERSION = YES_AGGRESSIVE;
				CLANG_CXX_LANGUAGE_STANDARD = "gnu++20";
				CLANG_ENABLE_MODULES = YES;
				CLANG_ENABLE_OBJC_ARC = YES;
				CLANG_ENABLE_OBJC_WEAK = YES;
				CLANG_WARN_BLOCK_CAPTURE_AUTORELEASING = YES;
				CLANG_WARN_BOOL_CONVERSION = YES;
				CLANG_WARN_COMMA = YES;
				CLANG_WARN_CONSTANT_CONVERSION = YES;
				CLANG_WARN_DEPRECATED_OBJC_IMPLEMENTATIONS = YES;
				CLANG_WARN_DIRECT_OBJC_ISA_USAGE = YES_ERROR;
				CLANG_WARN_DOCUMENTATION_COMMENTS = YES;
				CLANG_WARN_EMPTY_BODY = YES;
				CLANG_WARN_ENUM_CONVERSION = YES;
				CLANG_WARN_INFINITE_RECURSION = YES;
				CLANG_WARN_INT_CONVERSION = YES;
				CLANG_WARN_NON_LITERAL_NULL_CONVERSION = YES;
				CLANG_WARN_OBJC_IMPLICIT_RETAIN_SELF = YES;
				CLANG_WARN_OBJC_LITERAL_CONVERSION = YES;
				CLANG_WARN_OBJC_ROOT_CLASS = YES_ERROR;
				CLANG_WARN_QUOTED_INCLUDE_IN_FRAMEWORK_HEADER = YES;
				CLANG_WARN_RANGE_LOOP_ANALYSIS = YES;
				CLANG_WARN_STRICT_PROTOTYPES = YES;
				CLANG_WARN_SUSPICIOUS_MOVE = YES;
				CLANG_WARN_UNGUARDED_AVAILABILITY = YES_AGGRESSIVE;
				CLANG_WARN_UNREACHABLE_CODE = YES;
				CLANG_WARN__DUPLICATE_METHOD_MATCH = YES;
				COPY_PHASE_STRIP = NO;
				DEBUG_INFORMATION_FORMAT = dwarf;
				ENABLE_STRICT_OBJC_MSGSEND = YES;
				ENABLE_TESTABILITY = YES;
				ENABLE_USER_SCRIPT_SANDBOXING = YES;
				GCC_C_LANGUAGE_STANDARD = gnu17;
				GCC_DYNAMIC_NO_PIC = NO;
				GCC_NO_COMMON_BLOCKS = YES;
				GCC_OPTIMIZATION_LEVEL = 0;
				GCC_PREPROCESSOR_DEFINITIONS = (
					"DEBUG=1",
					"$(inherited)",
				);
				GCC_WARN_64_TO_32_BIT_CONVERSION = YES;
				GCC_WARN_ABOUT_RETURN_TYPE = YES_ERROR;
				GCC_WARN_UNDECLARED_SELECTOR = YES;
				GCC_WARN_UNINITIALIZED_AUTOS = YES_AGGRESSIVE;
				GCC_WARN_UNUSED_FUNCTION = YES;
				GCC_WARN_UNUSED_VARIABLE = YES;
				LOCALIZATION_PREFERS_STRING_CATALOGS = YES;
				MTL_ENABLE_DEBUG_INFO = INCLUDE_SOURCE;
				MTL_FAST_MATH = YES;
				ONLY_ACTIVE_ARCH = YES;
				SWIFT_ACTIVE_COMPILATION_CONDITIONS = "DEBUG $(inherited)";
				SWIFT_OPTIMIZATION_LEVEL = "-Onone";
			};
			name = Debug;
		};
		5AF4C9D82C2EAE340021B93F /* Release */ = {
			isa = XCBuildConfiguration;
			buildSettings = {
				ALWAYS_SEARCH_USER_PATHS = NO;
				ASSETCATALOG_COMPILER_GENERATE_SWIFT_ASSET_SYMBOL_EXTENSIONS = YES;
				CLANG_ANALYZER_NONNULL = YES;
				CLANG_ANALYZER_NUMBER_OBJECT_CONVERSION = YES_AGGRESSIVE;
				CLANG_CXX_LANGUAGE_STANDARD = "gnu++20";
				CLANG_ENABLE_MODULES = YES;
				CLANG_ENABLE_OBJC_ARC = YES;
				CLANG_ENABLE_OBJC_WEAK = YES;
				CLANG_WARN_BLOCK_CAPTURE_AUTORELEASING = YES;
				CLANG_WARN_BOOL_CONVERSION = YES;
				CLANG_WARN_COMMA = YES;
				CLANG_WARN_CONSTANT_CONVERSION = YES;
				CLANG_WARN_DEPRECATED_OBJC_IMPLEMENTATIONS = YES;
				CLANG_WARN_DIRECT_OBJC_ISA_USAGE = YES_ERROR;
				CLANG_WARN_DOCUMENTATION_COMMENTS = YES;
				CLANG_WARN_EMPTY_BODY = YES;
				CLANG_WARN_ENUM_CONVERSION = YES;
				CLANG_WARN_INFINITE_RECURSION = YES;
				CLANG_WARN_INT_CONVERSION = YES;
				CLANG_WARN_NON_LITERAL_NULL_CONVERSION = YES;
				CLANG_WARN_OBJC_IMPLICIT_RETAIN_SELF = YES;
				CLANG_WARN_OBJC_LITERAL_CONVERSION = YES;
				CLANG_WARN_OBJC_ROOT_CLASS = YES_ERROR;
				CLANG_WARN_QUOTED_INCLUDE_IN_FRAMEWORK_HEADER = YES;
				CLANG_WARN_RANGE_LOOP_ANALYSIS = YES;
				CLANG_WARN_STRICT_PROTOTYPES = YES;
				CLANG_WARN_SUSPICIOUS_MOVE = YES;
				CLANG_WARN_UNGUARDED_AVAILABILITY = YES_AGGRESSIVE;
				CLANG_WARN_UNREACHABLE_CODE = YES;
				CLANG_WARN__DUPLICATE_METHOD_MATCH = YES;
				COPY_PHASE_STRIP = NO;
				DEBUG_INFORMATION_FORMAT = "dwarf-with-dsym";
				ENABLE_NS_ASSERTIONS = NO;
				ENABLE_STRICT_OBJC_MSGSEND = YES;
				ENABLE_USER_SCRIPT_SANDBOXING = YES;
				GCC_C_LANGUAGE_STANDARD = gnu17;
				GCC_NO_COMMON_BLOCKS = YES;
				GCC_WARN_64_TO_32_BIT_CONVERSION = YES;
				GCC_WARN_ABOUT_RETURN_TYPE = YES_ERROR;
				GCC_WARN_UNDECLARED_SELECTOR = YES;
				GCC_WARN_UNINITIALIZED_AUTOS = YES_AGGRESSIVE;
				GCC_WARN_UNUSED_FUNCTION = YES;
				GCC_WARN_UNUSED_VARIABLE = YES;
				LOCALIZATION_PREFERS_STRING_CATALOGS = YES;
				MTL_ENABLE_DEBUG_INFO = NO;
				MTL_FAST_MATH = YES;
				SWIFT_COMPILATION_MODE = wholemodule;
			};
			name = Release;
		};
		5AF4C9DA2C2EAE340021B93F /* Debug */ = {
			isa = XCBuildConfiguration;
			buildSettings = {
				ASSETCATALOG_COMPILER_APPICON_NAME = AppIcon;
				ASSETCATALOG_COMPILER_GLOBAL_ACCENT_COLOR_NAME = AccentColor;
				CODE_SIGN_ENTITLEMENTS = Swift6BindingIsolatedCrash/Swift6BindingIsolatedCrash.entitlements;
				CODE_SIGN_STYLE = Automatic;
				CURRENT_PROJECT_VERSION = 1;
				DEVELOPMENT_ASSET_PATHS = "\"Swift6BindingIsolatedCrash/Preview Content\"";
				DEVELOPMENT_TEAM = QPW6B8MS22;
				ENABLE_HARDENED_RUNTIME = YES;
				ENABLE_PREVIEWS = YES;
				GENERATE_INFOPLIST_FILE = YES;
				"INFOPLIST_KEY_UIApplicationSceneManifest_Generation[sdk=iphoneos*]" = YES;
				"INFOPLIST_KEY_UIApplicationSceneManifest_Generation[sdk=iphonesimulator*]" = YES;
				"INFOPLIST_KEY_UIApplicationSupportsIndirectInputEvents[sdk=iphoneos*]" = YES;
				"INFOPLIST_KEY_UIApplicationSupportsIndirectInputEvents[sdk=iphonesimulator*]" = YES;
				"INFOPLIST_KEY_UILaunchScreen_Generation[sdk=iphoneos*]" = YES;
				"INFOPLIST_KEY_UILaunchScreen_Generation[sdk=iphonesimulator*]" = YES;
				"INFOPLIST_KEY_UIStatusBarStyle[sdk=iphoneos*]" = UIStatusBarStyleDefault;
				"INFOPLIST_KEY_UIStatusBarStyle[sdk=iphonesimulator*]" = UIStatusBarStyleDefault;
				INFOPLIST_KEY_UISupportedInterfaceOrientations_iPad = "UIInterfaceOrientationPortrait UIInterfaceOrientationPortraitUpsideDown UIInterfaceOrientationLandscapeLeft UIInterfaceOrientationLandscapeRight";
				INFOPLIST_KEY_UISupportedInterfaceOrientations_iPhone = "UIInterfaceOrientationPortrait UIInterfaceOrientationLandscapeLeft UIInterfaceOrientationLandscapeRight";
				IPHONEOS_DEPLOYMENT_TARGET = 18.0;
				LD_RUNPATH_SEARCH_PATHS = "@executable_path/Frameworks";
				"LD_RUNPATH_SEARCH_PATHS[sdk=macosx*]" = "@executable_path/../Frameworks";
				MACOSX_DEPLOYMENT_TARGET = 14.5;
				MARKETING_VERSION = 1.0;
				PRODUCT_BUNDLE_IDENTIFIER = de.simonnickel.Swift6BindingIsolatedCrash;
				PRODUCT_NAME = "$(TARGET_NAME)";
				SDKROOT = auto;
				SUPPORTED_PLATFORMS = "iphoneos iphonesimulator macosx xros xrsimulator";
				SWIFT_EMIT_LOC_STRINGS = YES;
				SWIFT_STRICT_CONCURRENCY = complete;
				SWIFT_VERSION = 6.0;
				TARGETED_DEVICE_FAMILY = "1,2,7";
				XROS_DEPLOYMENT_TARGET = 2.0;
			};
			name = Debug;
		};
		5AF4C9DB2C2EAE340021B93F /* Release */ = {
			isa = XCBuildConfiguration;
			buildSettings = {
				ASSETCATALOG_COMPILER_APPICON_NAME = AppIcon;
				ASSETCATALOG_COMPILER_GLOBAL_ACCENT_COLOR_NAME = AccentColor;
				CODE_SIGN_ENTITLEMENTS = Swift6BindingIsolatedCrash/Swift6BindingIsolatedCrash.entitlements;
				CODE_SIGN_STYLE = Automatic;
				CURRENT_PROJECT_VERSION = 1;
				DEVELOPMENT_ASSET_PATHS = "\"Swift6BindingIsolatedCrash/Preview Content\"";
				DEVELOPMENT_TEAM = QPW6B8MS22;
				ENABLE_HARDENED_RUNTIME = YES;
				ENABLE_PREVIEWS = YES;
				GENERATE_INFOPLIST_FILE = YES;
				"INFOPLIST_KEY_UIApplicationSceneManifest_Generation[sdk=iphoneos*]" = YES;
				"INFOPLIST_KEY_UIApplicationSceneManifest_Generation[sdk=iphonesimulator*]" = YES;
				"INFOPLIST_KEY_UIApplicationSupportsIndirectInputEvents[sdk=iphoneos*]" = YES;
				"INFOPLIST_KEY_UIApplicationSupportsIndirectInputEvents[sdk=iphonesimulator*]" = YES;
				"INFOPLIST_KEY_UILaunchScreen_Generation[sdk=iphoneos*]" = YES;
				"INFOPLIST_KEY_UILaunchScreen_Generation[sdk=iphonesimulator*]" = YES;
				"INFOPLIST_KEY_UIStatusBarStyle[sdk=iphoneos*]" = UIStatusBarStyleDefault;
				"INFOPLIST_KEY_UIStatusBarStyle[sdk=iphonesimulator*]" = UIStatusBarStyleDefault;
				INFOPLIST_KEY_UISupportedInterfaceOrientations_iPad = "UIInterfaceOrientationPortrait UIInterfaceOrientationPortraitUpsideDown UIInterfaceOrientationLandscapeLeft UIInterfaceOrientationLandscapeRight";
				INFOPLIST_KEY_UISupportedInterfaceOrientations_iPhone = "UIInterfaceOrientationPortrait UIInterfaceOrientationLandscapeLeft UIInterfaceOrientationLandscapeRight";
				IPHONEOS_DEPLOYMENT_TARGET = 18.0;
				LD_RUNPATH_SEARCH_PATHS = "@executable_path/Frameworks";
				"LD_RUNPATH_SEARCH_PATHS[sdk=macosx*]" = "@executable_path/../Frameworks";
				MACOSX_DEPLOYMENT_TARGET = 14.5;
				MARKETING_VERSION = 1.0;
				PRODUCT_BUNDLE_IDENTIFIER = de.simonnickel.Swift6BindingIsolatedCrash;
				PRODUCT_NAME = "$(TARGET_NAME)";
				SDKROOT = auto;
				SUPPORTED_PLATFORMS = "iphoneos iphonesimulator macosx xros xrsimulator";
				SWIFT_EMIT_LOC_STRINGS = YES;
				SWIFT_STRICT_CONCURRENCY = complete;
				SWIFT_VERSION = 6.0;
				TARGETED_DEVICE_FAMILY = "1,2,7";
				XROS_DEPLOYMENT_TARGET = 2.0;
			};
			name = Release;
		};
		5AF4C9DD2C2EAE340021B93F /* Debug */ = {
			isa = XCBuildConfiguration;
			buildSettings = {
				BUNDLE_LOADER = "$(TEST_HOST)";
				CODE_SIGN_STYLE = Automatic;
				CURRENT_PROJECT_VERSION = 1;
				DEVELOPMENT_TEAM = QPW6B8MS22;
				GENERATE_INFOPLIST_FILE = YES;
				IPHONEOS_DEPLOYMENT_TARGET = 18.0;
				MACOSX_DEPLOYMENT_TARGET = 14.5;
				MARKETING_VERSION = 1.0;
				PRODUCT_BUNDLE_IDENTIFIER = de.simonnickel.Swift6BindingIsolatedCrashTests;
				PRODUCT_NAME = "$(TARGET_NAME)";
				SDKROOT = auto;
				SUPPORTED_PLATFORMS = "iphoneos iphonesimulator macosx xros xrsimulator";
				SWIFT_EMIT_LOC_STRINGS = NO;
				SWIFT_VERSION = 5.0;
				TARGETED_DEVICE_FAMILY = "1,2,7";
				TEST_HOST = "$(BUILT_PRODUCTS_DIR)/Swift6BindingIsolatedCrash.app/$(BUNDLE_EXECUTABLE_FOLDER_PATH)/Swift6BindingIsolatedCrash";
				XROS_DEPLOYMENT_TARGET = 2.0;
			};
			name = Debug;
		};
		5AF4C9DE2C2EAE340021B93F /* Release */ = {
			isa = XCBuildConfiguration;
			buildSettings = {
				BUNDLE_LOADER = "$(TEST_HOST)";
				CODE_SIGN_STYLE = Automatic;
				CURRENT_PROJECT_VERSION = 1;
				DEVELOPMENT_TEAM = QPW6B8MS22;
				GENERATE_INFOPLIST_FILE = YES;
				IPHONEOS_DEPLOYMENT_TARGET = 18.0;
				MACOSX_DEPLOYMENT_TARGET = 14.5;
				MARKETING_VERSION = 1.0;
				PRODUCT_BUNDLE_IDENTIFIER = de.simonnickel.Swift6BindingIsolatedCrashTests;
				PRODUCT_NAME = "$(TARGET_NAME)";
				SDKROOT = auto;
				SUPPORTED_PLATFORMS = "iphoneos iphonesimulator macosx xros xrsimulator";
				SWIFT_EMIT_LOC_STRINGS = NO;
				SWIFT_VERSION = 5.0;
				TARGETED_DEVICE_FAMILY = "1,2,7";
				TEST_HOST = "$(BUILT_PRODUCTS_DIR)/Swift6BindingIsolatedCrash.app/$(BUNDLE_EXECUTABLE_FOLDER_PATH)/Swift6BindingIsolatedCrash";
				XROS_DEPLOYMENT_TARGET = 2.0;
			};
			name = Release;
		};
		5AF4C9E02C2EAE340021B93F /* Debug */ = {
			isa = XCBuildConfiguration;
			buildSettings = {
				CODE_SIGN_STYLE = Automatic;
				CURRENT_PROJECT_VERSION = 1;
				DEVELOPMENT_TEAM = QPW6B8MS22;
				GENERATE_INFOPLIST_FILE = YES;
				IPHONEOS_DEPLOYMENT_TARGET = 18.0;
				MACOSX_DEPLOYMENT_TARGET = 14.5;
				MARKETING_VERSION = 1.0;
				PRODUCT_BUNDLE_IDENTIFIER = de.simonnickel.Swift6BindingIsolatedCrashUITests;
				PRODUCT_NAME = "$(TARGET_NAME)";
				SDKROOT = auto;
				SUPPORTED_PLATFORMS = "iphoneos iphonesimulator macosx xros xrsimulator";
				SWIFT_EMIT_LOC_STRINGS = NO;
				SWIFT_VERSION = 5.0;
				TARGETED_DEVICE_FAMILY = "1,2,7";
				TEST_TARGET_NAME = Swift6BindingIsolatedCrash;
				XROS_DEPLOYMENT_TARGET = 2.0;
			};
			name = Debug;
		};
		5AF4C9E12C2EAE340021B93F /* Release */ = {
			isa = XCBuildConfiguration;
			buildSettings = {
				CODE_SIGN_STYLE = Automatic;
				CURRENT_PROJECT_VERSION = 1;
				DEVELOPMENT_TEAM = QPW6B8MS22;
				GENERATE_INFOPLIST_FILE = YES;
				IPHONEOS_DEPLOYMENT_TARGET = 18.0;
				MACOSX_DEPLOYMENT_TARGET = 14.5;
				MARKETING_VERSION = 1.0;
				PRODUCT_BUNDLE_IDENTIFIER = de.simonnickel.Swift6BindingIsolatedCrashUITests;
				PRODUCT_NAME = "$(TARGET_NAME)";
				SDKROOT = auto;
				SUPPORTED_PLATFORMS = "iphoneos iphonesimulator macosx xros xrsimulator";
				SWIFT_EMIT_LOC_STRINGS = NO;
				SWIFT_VERSION = 5.0;
				TARGETED_DEVICE_FAMILY = "1,2,7";
				TEST_TARGET_NAME = Swift6BindingIsolatedCrash;
				XROS_DEPLOYMENT_TARGET = 2.0;
			};
			name = Release;
		};
/* End XCBuildConfiguration section */

/* Begin XCConfigurationList section */
		5AF4C9AF2C2EAE320021B93F /* Build configuration list for PBXProject "Swift6BindingIsolatedCrash" */ = {
			isa = XCConfigurationList;
			buildConfigurations = (
				5AF4C9D72C2EAE340021B93F /* Debug */,
				5AF4C9D82C2EAE340021B93F /* Release */,
			);
			defaultConfigurationIsVisible = 0;
			defaultConfigurationName = Release;
		};
		5AF4C9D92C2EAE340021B93F /* Build configuration list for PBXNativeTarget "Swift6BindingIsolatedCrash" */ = {
			isa = XCConfigurationList;
			buildConfigurations = (
				5AF4C9DA2C2EAE340021B93F /* Debug */,
				5AF4C9DB2C2EAE340021B93F /* Release */,
			);
			defaultConfigurationIsVisible = 0;
			defaultConfigurationName = Release;
		};
		5AF4C9DC2C2EAE340021B93F /* Build configuration list for PBXNativeTarget "Swift6BindingIsolatedCrashTests" */ = {
			isa = XCConfigurationList;
			buildConfigurations = (
				5AF4C9DD2C2EAE340021B93F /* Debug */,
				5AF4C9DE2C2EAE340021B93F /* Release */,
			);
			defaultConfigurationIsVisible = 0;
			defaultConfigurationName = Release;
		};
		5AF4C9DF2C2EAE340021B93F /* Build configuration list for PBXNativeTarget "Swift6BindingIsolatedCrashUITests" */ = {
			isa = XCConfigurationList;
			buildConfigurations = (
				5AF4C9E02C2EAE340021B93F /* Debug */,
				5AF4C9E12C2EAE340021B93F /* Release */,
			);
			defaultConfigurationIsVisible = 0;
			defaultConfigurationName = Release;
		};
/* End XCConfigurationList section */
	};
	rootObject = 5AF4C9AC2C2EAE320021B93F /* Project object */;
}
